// !$*UTF8*$!
{
	archiveVersion = 1;
	classes = {
	};
	objectVersion = 45;
	objects = {

/* Begin PBXBuildFile section */
		0CFE603DE523940AF3352227 /* WebKit.framework in Frameworks */ = {isa = PBXBuildFile; fileRef = 9BE978B2BDA9B7DA3BE403B4 /* WebKit.framework */; };
		29F75103FFB220F2E10CF9A9 /* IOKit.framework in Frameworks */ = {isa = PBXBuildFile; fileRef = 3CE85049C3E91E38E71FF149 /* IOKit.framework */; };
		3637D75013A6841B001D6019 /* AAFilter.cpp in Sources */ = {isa = PBXBuildFile; fileRef = 3637D73713A6841B001D6019 /* AAFilter.cpp */; };
		3637D75113A6841B001D6019 /* BPMDetect.cpp in Sources */ = {isa = PBXBuildFile; fileRef = 3637D73913A6841B001D6019 /* BPMDetect.cpp */; };
		3637D75213A6841B001D6019 /* cpu_detect_x86_gcc.cpp in Sources */ = {isa = PBXBuildFile; fileRef = 3637D73B13A6841B001D6019 /* cpu_detect_x86_gcc.cpp */; };
		3637D75413A6841B001D6019 /* FIFOSampleBuffer.cpp in Sources */ = {isa = PBXBuildFile; fileRef = 3637D73E13A6841B001D6019 /* FIFOSampleBuffer.cpp */; };
		3637D75513A6841B001D6019 /* FIRFilter.cpp in Sources */ = {isa = PBXBuildFile; fileRef = 3637D74113A6841B001D6019 /* FIRFilter.cpp */; };
		3637D75613A6841B001D6019 /* mmx_optimized.cpp in Sources */ = {isa = PBXBuildFile; fileRef = 3637D74313A6841B001D6019 /* mmx_optimized.cpp */; };
		3637D75713A6841B001D6019 /* PeakFinder.cpp in Sources */ = {isa = PBXBuildFile; fileRef = 3637D74413A6841B001D6019 /* PeakFinder.cpp */; };
		3637D75813A6841B001D6019 /* RateTransposer.cpp in Sources */ = {isa = PBXBuildFile; fileRef = 3637D74613A6841B001D6019 /* RateTransposer.cpp */; };
		3637D75913A6841B001D6019 /* SoundTouch.cpp in Sources */ = {isa = PBXBuildFile; fileRef = 3637D74913A6841B001D6019 /* SoundTouch.cpp */; };
		3637D75A13A6841B001D6019 /* sse_optimized.cpp in Sources */ = {isa = PBXBuildFile; fileRef = 3637D74B13A6841B001D6019 /* sse_optimized.cpp */; };
		3637D75B13A6841B001D6019 /* TDStretch.cpp in Sources */ = {isa = PBXBuildFile; fileRef = 3637D74D13A6841B001D6019 /* TDStretch.cpp */; };
		3645793D13A6897E00B5A930 /* JsonToJuce.cpp in Sources */ = {isa = PBXBuildFile; fileRef = 3645793C13A6897E00B5A930 /* JsonToJuce.cpp */; };
		36B63D0813771CE00009B7E1 /* audioPlayer.cpp in Sources */ = {isa = PBXBuildFile; fileRef = 36B63D0413771CE00009B7E1 /* audioPlayer.cpp */; };
		36B63D0913771CE00009B7E1 /* bpmShifter.cpp in Sources */ = {isa = PBXBuildFile; fileRef = 36B63D0613771CE00009B7E1 /* bpmShifter.cpp */; };
		36B63D351377203D0009B7E1 /* MainAudioProcessor.cpp in Sources */ = {isa = PBXBuildFile; fileRef = 36B63D331377203D0009B7E1 /* MainAudioProcessor.cpp */; };
		36E56CB713773D150087420E /* libmpg123.32.a in Frameworks */ = {isa = PBXBuildFile; fileRef = 36E56CA313773D150087420E /* libmpg123.32.a */; };
		36E56CB813773D150087420E /* libmpg123.64.a in Frameworks */ = {isa = PBXBuildFile; fileRef = 36E56CA413773D150087420E /* libmpg123.64.a */; };
		36F96CB013BA62A8009A69F1 /* json_reader.cpp in Sources */ = {isa = PBXBuildFile; fileRef = 36F96CAD13BA62A8009A69F1 /* json_reader.cpp */; };
		36F96CB113BA62A8009A69F1 /* json_value.cpp in Sources */ = {isa = PBXBuildFile; fileRef = 36F96CAE13BA62A8009A69F1 /* json_value.cpp */; };
		36F96CB213BA62A8009A69F1 /* json_writer.cpp in Sources */ = {isa = PBXBuildFile; fileRef = 36F96CAF13BA62A8009A69F1 /* json_writer.cpp */; };
		36F96CC513BA62E2009A69F1 /* Copier_test.cpp in Sources */ = {isa = PBXBuildFile; fileRef = 36F96CB313BA62E2009A69F1 /* Copier_test.cpp */; };
		36F96CC613BA62E2009A69F1 /* Copier.cpp in Sources */ = {isa = PBXBuildFile; fileRef = 36F96CB413BA62E2009A69F1 /* Copier.cpp */; };
		36F96CC713BA62E2009A69F1 /* CreateReader_test.cpp in Sources */ = {isa = PBXBuildFile; fileRef = 36F96CB613BA62E2009A69F1 /* CreateReader_test.cpp */; };
		36F96CC813BA62E2009A69F1 /* CreateReader.cpp in Sources */ = {isa = PBXBuildFile; fileRef = 36F96CB713BA62E2009A69F1 /* CreateReader.cpp */; };
		36F96CC913BA62E2009A69F1 /* Mpg123.cpp in Sources */ = {isa = PBXBuildFile; fileRef = 36F96CBB13BA62E2009A69F1 /* Mpg123.cpp */; };
		36F96CCA13BA62E2009A69F1 /* NewHandle.cpp in Sources */ = {isa = PBXBuildFile; fileRef = 36F96CBD13BA62E2009A69F1 /* NewHandle.cpp */; };
		36F96CCB13BA62E2009A69F1 /* Reader_main.cpp in Sources */ = {isa = PBXBuildFile; fileRef = 36F96CBF13BA62E2009A69F1 /* Reader_main.cpp */; };
		36F96CCC13BA62E2009A69F1 /* Reader_test.cpp in Sources */ = {isa = PBXBuildFile; fileRef = 36F96CC013BA62E2009A69F1 /* Reader_test.cpp */; };
		36F96CCD13BA62E2009A69F1 /* Reader.cpp in Sources */ = {isa = PBXBuildFile; fileRef = 36F96CC113BA62E2009A69F1 /* Reader.cpp */; };
		36F96CCE13BA62E2009A69F1 /* Tags.cpp in Sources */ = {isa = PBXBuildFile; fileRef = 36F96CC313BA62E2009A69F1 /* Tags.cpp */; };
		36F96CDA13BA6320009A69F1 /* JuceLibraryCode1.mm in Sources */ = {isa = PBXBuildFile; fileRef = 36F96CD213BA6320009A69F1 /* JuceLibraryCode1.mm */; };
		36F96CDC13BA6320009A69F1 /* JuceLibraryCode2.mm in Sources */ = {isa = PBXBuildFile; fileRef = 36F96CD413BA6320009A69F1 /* JuceLibraryCode2.mm */; };
		36F96CDE13BA6320009A69F1 /* JuceLibraryCode3.mm in Sources */ = {isa = PBXBuildFile; fileRef = 36F96CD613BA6320009A69F1 /* JuceLibraryCode3.mm */; };
		36F96CE013BA6320009A69F1 /* JuceLibraryCode4.mm in Sources */ = {isa = PBXBuildFile; fileRef = 36F96CD813BA6320009A69F1 /* JuceLibraryCode4.mm */; };
		420A9C88B711F5E4997FAAD0 /* DiscRecording.framework in Frameworks */ = {isa = PBXBuildFile; fileRef = CB7CDD93EE1469B969AF844E /* DiscRecording.framework */; };
		452052BBDBAF17DCC06EF521 /* QuickTime.framework in Frameworks */ = {isa = PBXBuildFile; fileRef = E0C3359BB4B5260CEB917D46 /* QuickTime.framework */; };
		687BFA1946EAD55C5C39907C /* CoreAudio.framework in Frameworks */ = {isa = PBXBuildFile; fileRef = DA3360514D221A36446DC6DE /* CoreAudio.framework */; };
		78A66C2F9A9E2E6D011D8E5E /* ApplicationStartup.cpp in Sources */ = {isa = PBXBuildFile; fileRef = 885A20D277AD743C21C822B5 /* ApplicationStartup.cpp */; };
		92A7143821252FB13891CC53 /* Cocoa.framework in Frameworks */ = {isa = PBXBuildFile; fileRef = 2B37CDCFCBC0AC0AEAA9A479 /* Cocoa.framework */; };
		B9911F3AC6CADFB47D1EA8D7 /* QTKit.framework in Frameworks */ = {isa = PBXBuildFile; fileRef = 4D3E0D18D24F78B6BDE0E5DA /* QTKit.framework */; };
		C0A3C433D146C7E1FFCADFB2 /* Icon.icns in Resources */ = {isa = PBXBuildFile; fileRef = 4ADECB09FD213B2E910EA229 /* Icon.icns */; };
		C1437C4A64EB72D2A86729D3 /* OpenGL.framework in Frameworks */ = {isa = PBXBuildFile; fileRef = 85E860BFDA9D53EF77C08873 /* OpenGL.framework */; };
		CE5C46E66485B7D77B5ADB4E /* MainDemoWindow.cpp in Sources */ = {isa = PBXBuildFile; fileRef = 42291DB48BF81754D90FE200 /* MainDemoWindow.cpp */; };
		DEDBEF9AC48F8AD1502B6DC2 /* Carbon.framework in Frameworks */ = {isa = PBXBuildFile; fileRef = 6A7D4DC561F2DD95ABD76F0D /* Carbon.framework */; };
		ED283D0ABEC2EC312E40C6B4 /* CoreMIDI.framework in Frameworks */ = {isa = PBXBuildFile; fileRef = 010E9F48D32EA5C5451D8086 /* CoreMIDI.framework */; };
		F1BAE9DCD179C8784FF28F8D /* QuartzCore.framework in Frameworks */ = {isa = PBXBuildFile; fileRef = 4A96850C150C1C6D87A0D21A /* QuartzCore.framework */; };
/* End PBXBuildFile section */

/* Begin PBXFileReference section */
		010E9F48D32EA5C5451D8086 /* CoreMIDI.framework */ = {isa = PBXFileReference; lastKnownFileType = wrapper.framework; name = CoreMIDI.framework; path = System/Library/Frameworks/CoreMIDI.framework; sourceTree = SDKROOT; };
		1A9DEA62F6A3CD1FB5CF105B /* Info.plist */ = {isa = PBXFileReference; lastKnownFileType = text.plist.xml; path = Info.plist; sourceTree = SOURCE_ROOT; };
		2B37CDCFCBC0AC0AEAA9A479 /* Cocoa.framework */ = {isa = PBXFileReference; lastKnownFileType = wrapper.framework; name = Cocoa.framework; path = System/Library/Frameworks/Cocoa.framework; sourceTree = SDKROOT; };
		3637D73713A6841B001D6019 /* AAFilter.cpp */ = {isa = PBXFileReference; fileEncoding = 4; lastKnownFileType = sourcecode.cpp.cpp; name = AAFilter.cpp; path = ../../Source/soundTouch/AAFilter.cpp; sourceTree = "<group>"; };
		3637D73813A6841B001D6019 /* AAFilter.h */ = {isa = PBXFileReference; fileEncoding = 4; lastKnownFileType = sourcecode.c.h; name = AAFilter.h; path = ../../Source/soundTouch/AAFilter.h; sourceTree = "<group>"; };
		3637D73913A6841B001D6019 /* BPMDetect.cpp */ = {isa = PBXFileReference; fileEncoding = 4; lastKnownFileType = sourcecode.cpp.cpp; name = BPMDetect.cpp; path = ../../Source/soundTouch/BPMDetect.cpp; sourceTree = "<group>"; };
		3637D73A13A6841B001D6019 /* BPMDetect.h */ = {isa = PBXFileReference; fileEncoding = 4; lastKnownFileType = sourcecode.c.h; name = BPMDetect.h; path = ../../Source/soundTouch/BPMDetect.h; sourceTree = "<group>"; };
		3637D73B13A6841B001D6019 /* cpu_detect_x86_gcc.cpp */ = {isa = PBXFileReference; fileEncoding = 4; lastKnownFileType = sourcecode.cpp.cpp; name = cpu_detect_x86_gcc.cpp; path = ../../Source/soundTouch/cpu_detect_x86_gcc.cpp; sourceTree = "<group>"; };
		3637D73D13A6841B001D6019 /* cpu_detect.h */ = {isa = PBXFileReference; fileEncoding = 4; lastKnownFileType = sourcecode.c.h; name = cpu_detect.h; path = ../../Source/soundTouch/cpu_detect.h; sourceTree = "<group>"; };
		3637D73E13A6841B001D6019 /* FIFOSampleBuffer.cpp */ = {isa = PBXFileReference; fileEncoding = 4; lastKnownFileType = sourcecode.cpp.cpp; name = FIFOSampleBuffer.cpp; path = ../../Source/soundTouch/FIFOSampleBuffer.cpp; sourceTree = "<group>"; };
		3637D73F13A6841B001D6019 /* FIFOSampleBuffer.h */ = {isa = PBXFileReference; fileEncoding = 4; lastKnownFileType = sourcecode.c.h; name = FIFOSampleBuffer.h; path = ../../Source/soundTouch/FIFOSampleBuffer.h; sourceTree = "<group>"; };
		3637D74013A6841B001D6019 /* FIFOSamplePipe.h */ = {isa = PBXFileReference; fileEncoding = 4; lastKnownFileType = sourcecode.c.h; name = FIFOSamplePipe.h; path = ../../Source/soundTouch/FIFOSamplePipe.h; sourceTree = "<group>"; };
		3637D74113A6841B001D6019 /* FIRFilter.cpp */ = {isa = PBXFileReference; fileEncoding = 4; lastKnownFileType = sourcecode.cpp.cpp; name = FIRFilter.cpp; path = ../../Source/soundTouch/FIRFilter.cpp; sourceTree = "<group>"; };
		3637D74213A6841B001D6019 /* FIRFilter.h */ = {isa = PBXFileReference; fileEncoding = 4; lastKnownFileType = sourcecode.c.h; name = FIRFilter.h; path = ../../Source/soundTouch/FIRFilter.h; sourceTree = "<group>"; };
		3637D74313A6841B001D6019 /* mmx_optimized.cpp */ = {isa = PBXFileReference; fileEncoding = 4; lastKnownFileType = sourcecode.cpp.cpp; name = mmx_optimized.cpp; path = ../../Source/soundTouch/mmx_optimized.cpp; sourceTree = "<group>"; };
		3637D74413A6841B001D6019 /* PeakFinder.cpp */ = {isa = PBXFileReference; fileEncoding = 4; lastKnownFileType = sourcecode.cpp.cpp; name = PeakFinder.cpp; path = ../../Source/soundTouch/PeakFinder.cpp; sourceTree = "<group>"; };
		3637D74513A6841B001D6019 /* PeakFinder.h */ = {isa = PBXFileReference; fileEncoding = 4; lastKnownFileType = sourcecode.c.h; name = PeakFinder.h; path = ../../Source/soundTouch/PeakFinder.h; sourceTree = "<group>"; };
		3637D74613A6841B001D6019 /* RateTransposer.cpp */ = {isa = PBXFileReference; fileEncoding = 4; lastKnownFileType = sourcecode.cpp.cpp; name = RateTransposer.cpp; path = ../../Source/soundTouch/RateTransposer.cpp; sourceTree = "<group>"; };
		3637D74713A6841B001D6019 /* RateTransposer.h */ = {isa = PBXFileReference; fileEncoding = 4; lastKnownFileType = sourcecode.c.h; name = RateTransposer.h; path = ../../Source/soundTouch/RateTransposer.h; sourceTree = "<group>"; };
		3637D74813A6841B001D6019 /* soundtouch_config.h */ = {isa = PBXFileReference; fileEncoding = 4; lastKnownFileType = sourcecode.c.h; name = soundtouch_config.h; path = ../../Source/soundTouch/soundtouch_config.h; sourceTree = "<group>"; };
		3637D74913A6841B001D6019 /* SoundTouch.cpp */ = {isa = PBXFileReference; fileEncoding = 4; lastKnownFileType = sourcecode.cpp.cpp; name = SoundTouch.cpp; path = ../../Source/soundTouch/SoundTouch.cpp; sourceTree = "<group>"; };
		3637D74A13A6841B001D6019 /* SoundTouch.h */ = {isa = PBXFileReference; fileEncoding = 4; lastKnownFileType = sourcecode.c.h; name = SoundTouch.h; path = ../../Source/soundTouch/SoundTouch.h; sourceTree = "<group>"; };
		3637D74B13A6841B001D6019 /* sse_optimized.cpp */ = {isa = PBXFileReference; fileEncoding = 4; lastKnownFileType = sourcecode.cpp.cpp; name = sse_optimized.cpp; path = ../../Source/soundTouch/sse_optimized.cpp; sourceTree = "<group>"; };
		3637D74C13A6841B001D6019 /* STTypes.h */ = {isa = PBXFileReference; fileEncoding = 4; lastKnownFileType = sourcecode.c.h; name = STTypes.h; path = ../../Source/soundTouch/STTypes.h; sourceTree = "<group>"; };
		3637D74D13A6841B001D6019 /* TDStretch.cpp */ = {isa = PBXFileReference; fileEncoding = 4; lastKnownFileType = sourcecode.cpp.cpp; name = TDStretch.cpp; path = ../../Source/soundTouch/TDStretch.cpp; sourceTree = "<group>"; };
		3637D74E13A6841B001D6019 /* TDStretch.h */ = {isa = PBXFileReference; fileEncoding = 4; lastKnownFileType = sourcecode.c.h; name = TDStretch.h; path = ../../Source/soundTouch/TDStretch.h; sourceTree = "<group>"; };
		3645793C13A6897E00B5A930 /* JsonToJuce.cpp */ = {isa = PBXFileReference; fileEncoding = 4; lastKnownFileType = sourcecode.cpp.cpp; name = JsonToJuce.cpp; path = ../../Source/JsonToJuce.cpp; sourceTree = "<group>"; };
		36B63D0413771CE00009B7E1 /* audioPlayer.cpp */ = {isa = PBXFileReference; fileEncoding = 4; lastKnownFileType = sourcecode.cpp.cpp; name = audioPlayer.cpp; path = ../../Source/LT/audioPlayer.cpp; sourceTree = "<group>"; };
		36B63D0513771CE00009B7E1 /* audioPlayer.h */ = {isa = PBXFileReference; fileEncoding = 4; lastKnownFileType = sourcecode.c.h; name = audioPlayer.h; path = ../../Source/LT/audioPlayer.h; sourceTree = "<group>"; };
		36B63D0613771CE00009B7E1 /* bpmShifter.cpp */ = {isa = PBXFileReference; fileEncoding = 4; lastKnownFileType = sourcecode.cpp.cpp; name = bpmShifter.cpp; path = ../../Source/LT/bpmShifter.cpp; sourceTree = "<group>"; };
		36B63D0713771CE00009B7E1 /* bpmShifter.h */ = {isa = PBXFileReference; fileEncoding = 4; lastKnownFileType = sourcecode.c.h; name = bpmShifter.h; path = ../../Source/LT/bpmShifter.h; sourceTree = "<group>"; };
		36B63D331377203D0009B7E1 /* MainAudioProcessor.cpp */ = {isa = PBXFileReference; fileEncoding = 4; lastKnownFileType = sourcecode.cpp.cpp; name = MainAudioProcessor.cpp; path = ../../Source/MainAudioProcessor.cpp; sourceTree = "<group>"; };
		36B63D341377203D0009B7E1 /* MainAudioProcessor.h */ = {isa = PBXFileReference; fileEncoding = 4; lastKnownFileType = sourcecode.c.h; name = MainAudioProcessor.h; path = ../../Source/MainAudioProcessor.h; sourceTree = "<group>"; };
		36BAB32F1382DC3200E87180 /* JsonToJuce.h */ = {isa = PBXFileReference; fileEncoding = 4; lastKnownFileType = sourcecode.c.h; name = JsonToJuce.h; path = ../../Source/JsonToJuce.h; sourceTree = "<group>"; };
		36E56CA313773D150087420E /* libmpg123.32.a */ = {isa = PBXFileReference; lastKnownFileType = archive.ar; name = libmpg123.32.a; path = "../../../../Livetronica Studio/libs/libmpg123.32.a"; sourceTree = "<group>"; };
		36E56CA413773D150087420E /* libmpg123.64.a */ = {isa = PBXFileReference; lastKnownFileType = archive.ar; name = libmpg123.64.a; path = "../../../../Livetronica Studio/libs/libmpg123.64.a"; sourceTree = "<group>"; };
		36F96CA413BA628F009A69F1 /* autolink.h */ = {isa = PBXFileReference; fileEncoding = 4; lastKnownFileType = sourcecode.c.h; name = autolink.h; path = "../../../../hackday/beat matching crossfade/Source/jsoncpp-src-0.5.0/include/json/autolink.h"; sourceTree = "<group>"; };
		36F96CA513BA628F009A69F1 /* config.h */ = {isa = PBXFileReference; fileEncoding = 4; lastKnownFileType = sourcecode.c.h; name = config.h; path = "../../../../hackday/beat matching crossfade/Source/jsoncpp-src-0.5.0/include/json/config.h"; sourceTree = "<group>"; };
		36F96CA613BA628F009A69F1 /* features.h */ = {isa = PBXFileReference; fileEncoding = 4; lastKnownFileType = sourcecode.c.h; name = features.h; path = "../../../../hackday/beat matching crossfade/Source/jsoncpp-src-0.5.0/include/json/features.h"; sourceTree = "<group>"; };
		36F96CA713BA628F009A69F1 /* forwards.h */ = {isa = PBXFileReference; fileEncoding = 4; lastKnownFileType = sourcecode.c.h; name = forwards.h; path = "../../../../hackday/beat matching crossfade/Source/jsoncpp-src-0.5.0/include/json/forwards.h"; sourceTree = "<group>"; };
		36F96CA813BA628F009A69F1 /* json.h */ = {isa = PBXFileReference; fileEncoding = 4; lastKnownFileType = sourcecode.c.h; name = json.h; path = "../../../../hackday/beat matching crossfade/Source/jsoncpp-src-0.5.0/include/json/json.h"; sourceTree = "<group>"; };
		36F96CA913BA628F009A69F1 /* reader.h */ = {isa = PBXFileReference; fileEncoding = 4; lastKnownFileType = sourcecode.c.h; name = reader.h; path = "../../../../hackday/beat matching crossfade/Source/jsoncpp-src-0.5.0/include/json/reader.h"; sourceTree = "<group>"; };
		36F96CAA13BA628F009A69F1 /* value.h */ = {isa = PBXFileReference; fileEncoding = 4; lastKnownFileType = sourcecode.c.h; name = value.h; path = "../../../../hackday/beat matching crossfade/Source/jsoncpp-src-0.5.0/include/json/value.h"; sourceTree = "<group>"; };
		36F96CAB13BA628F009A69F1 /* writer.h */ = {isa = PBXFileReference; fileEncoding = 4; lastKnownFileType = sourcecode.c.h; name = writer.h; path = "../../../../hackday/beat matching crossfade/Source/jsoncpp-src-0.5.0/include/json/writer.h"; sourceTree = "<group>"; };
		36F96CAC13BA62A8009A69F1 /* json_batchallocator.h */ = {isa = PBXFileReference; fileEncoding = 4; lastKnownFileType = sourcecode.c.h; name = json_batchallocator.h; path = "../../../../hackday/beat matching crossfade/Source/jsoncpp-src-0.5.0/src/lib_json/json_batchallocator.h"; sourceTree = "<group>"; };
		36F96CAD13BA62A8009A69F1 /* json_reader.cpp */ = {isa = PBXFileReference; fileEncoding = 4; lastKnownFileType = sourcecode.cpp.cpp; name = json_reader.cpp; path = "../../../../hackday/beat matching crossfade/Source/jsoncpp-src-0.5.0/src/lib_json/json_reader.cpp"; sourceTree = "<group>"; };
		36F96CAE13BA62A8009A69F1 /* json_value.cpp */ = {isa = PBXFileReference; fileEncoding = 4; lastKnownFileType = sourcecode.cpp.cpp; name = json_value.cpp; path = "../../../../hackday/beat matching crossfade/Source/jsoncpp-src-0.5.0/src/lib_json/json_value.cpp"; sourceTree = "<group>"; };
		36F96CAF13BA62A8009A69F1 /* json_writer.cpp */ = {isa = PBXFileReference; fileEncoding = 4; lastKnownFileType = sourcecode.cpp.cpp; name = json_writer.cpp; path = "../../../../hackday/beat matching crossfade/Source/jsoncpp-src-0.5.0/src/lib_json/json_writer.cpp"; sourceTree = "<group>"; };
		36F96CB313BA62E2009A69F1 /* Copier_test.cpp */ = {isa = PBXFileReference; fileEncoding = 4; lastKnownFileType = sourcecode.cpp.cpp; name = Copier_test.cpp; path = ../../Source/mpg123/juce_mpg123_format/mpg123/Copier_test.cpp; sourceTree = "<group>"; };
		36F96CB413BA62E2009A69F1 /* Copier.cpp */ = {isa = PBXFileReference; fileEncoding = 4; lastKnownFileType = sourcecode.cpp.cpp; name = Copier.cpp; path = ../../Source/mpg123/juce_mpg123_format/mpg123/Copier.cpp; sourceTree = "<group>"; };
		36F96CB513BA62E2009A69F1 /* Copier.h */ = {isa = PBXFileReference; fileEncoding = 4; lastKnownFileType = sourcecode.c.h; name = Copier.h; path = ../../Source/mpg123/juce_mpg123_format/mpg123/Copier.h; sourceTree = "<group>"; };
		36F96CB613BA62E2009A69F1 /* CreateReader_test.cpp */ = {isa = PBXFileReference; fileEncoding = 4; lastKnownFileType = sourcecode.cpp.cpp; name = CreateReader_test.cpp; path = ../../Source/mpg123/juce_mpg123_format/mpg123/CreateReader_test.cpp; sourceTree = "<group>"; };
		36F96CB713BA62E2009A69F1 /* CreateReader.cpp */ = {isa = PBXFileReference; fileEncoding = 4; lastKnownFileType = sourcecode.cpp.cpp; name = CreateReader.cpp; path = ../../Source/mpg123/juce_mpg123_format/mpg123/CreateReader.cpp; sourceTree = "<group>"; };
		36F96CB813BA62E2009A69F1 /* CreateReader.h */ = {isa = PBXFileReference; fileEncoding = 4; lastKnownFileType = sourcecode.c.h; name = CreateReader.h; path = ../../Source/mpg123/juce_mpg123_format/mpg123/CreateReader.h; sourceTree = "<group>"; };
		36F96CB913BA62E2009A69F1 /* Format.h */ = {isa = PBXFileReference; fileEncoding = 4; lastKnownFileType = sourcecode.c.h; name = Format.h; path = ../../Source/mpg123/juce_mpg123_format/mpg123/Format.h; sourceTree = "<group>"; };
		36F96CBA13BA62E2009A69F1 /* Manager.h */ = {isa = PBXFileReference; fileEncoding = 4; lastKnownFileType = sourcecode.c.h; name = Manager.h; path = ../../Source/mpg123/juce_mpg123_format/mpg123/Manager.h; sourceTree = "<group>"; };
		36F96CBB13BA62E2009A69F1 /* Mpg123.cpp */ = {isa = PBXFileReference; fileEncoding = 4; lastKnownFileType = sourcecode.cpp.cpp; name = Mpg123.cpp; path = ../../Source/mpg123/juce_mpg123_format/mpg123/Mpg123.cpp; sourceTree = "<group>"; };
		36F96CBC13BA62E2009A69F1 /* Mpg123.h */ = {isa = PBXFileReference; fileEncoding = 4; lastKnownFileType = sourcecode.c.h; name = Mpg123.h; path = ../../Source/mpg123/juce_mpg123_format/mpg123/Mpg123.h; sourceTree = "<group>"; };
		36F96CBD13BA62E2009A69F1 /* NewHandle.cpp */ = {isa = PBXFileReference; fileEncoding = 4; lastKnownFileType = sourcecode.cpp.cpp; name = NewHandle.cpp; path = ../../Source/mpg123/juce_mpg123_format/mpg123/NewHandle.cpp; sourceTree = "<group>"; };
		36F96CBE13BA62E2009A69F1 /* NewHandle.h */ = {isa = PBXFileReference; fileEncoding = 4; lastKnownFileType = sourcecode.c.h; name = NewHandle.h; path = ../../Source/mpg123/juce_mpg123_format/mpg123/NewHandle.h; sourceTree = "<group>"; };
		36F96CBF13BA62E2009A69F1 /* Reader_main.cpp */ = {isa = PBXFileReference; fileEncoding = 4; lastKnownFileType = sourcecode.cpp.cpp; name = Reader_main.cpp; path = ../../Source/mpg123/juce_mpg123_format/mpg123/Reader_main.cpp; sourceTree = "<group>"; };
		36F96CC013BA62E2009A69F1 /* Reader_test.cpp */ = {isa = PBXFileReference; fileEncoding = 4; lastKnownFileType = sourcecode.cpp.cpp; name = Reader_test.cpp; path = ../../Source/mpg123/juce_mpg123_format/mpg123/Reader_test.cpp; sourceTree = "<group>"; };
		36F96CC113BA62E2009A69F1 /* Reader.cpp */ = {isa = PBXFileReference; fileEncoding = 4; lastKnownFileType = sourcecode.cpp.cpp; name = Reader.cpp; path = ../../Source/mpg123/juce_mpg123_format/mpg123/Reader.cpp; sourceTree = "<group>"; };
		36F96CC213BA62E2009A69F1 /* Reader.h */ = {isa = PBXFileReference; fileEncoding = 4; lastKnownFileType = sourcecode.c.h; name = Reader.h; path = ../../Source/mpg123/juce_mpg123_format/mpg123/Reader.h; sourceTree = "<group>"; };
		36F96CC313BA62E2009A69F1 /* Tags.cpp */ = {isa = PBXFileReference; fileEncoding = 4; lastKnownFileType = sourcecode.cpp.cpp; name = Tags.cpp; path = ../../Source/mpg123/juce_mpg123_format/mpg123/Tags.cpp; sourceTree = "<group>"; };
		36F96CC413BA62E2009A69F1 /* Tags.h */ = {isa = PBXFileReference; fileEncoding = 4; lastKnownFileType = sourcecode.c.h; name = Tags.h; path = ../../Source/mpg123/juce_mpg123_format/mpg123/Tags.h; sourceTree = "<group>"; };
		36F96CCF13BA6320009A69F1 /* AppConfig.h */ = {isa = PBXFileReference; fileEncoding = 4; lastKnownFileType = sourcecode.c.h; name = AppConfig.h; path = ../../Source/JuceLibraryCode/AppConfig.h; sourceTree = "<group>"; };
		36F96CD013BA6320009A69F1 /* JuceHeader.h */ = {isa = PBXFileReference; fileEncoding = 4; lastKnownFileType = sourcecode.c.h; name = JuceHeader.h; path = ../../Source/JuceLibraryCode/JuceHeader.h; sourceTree = "<group>"; };
		36F96CD213BA6320009A69F1 /* JuceLibraryCode1.mm */ = {isa = PBXFileReference; fileEncoding = 4; lastKnownFileType = sourcecode.cpp.objcpp; name = JuceLibraryCode1.mm; path = ../../Source/JuceLibraryCode/JuceLibraryCode1.mm; sourceTree = "<group>"; };
		36F96CD413BA6320009A69F1 /* JuceLibraryCode2.mm */ = {isa = PBXFileReference; fileEncoding = 4; lastKnownFileType = sourcecode.cpp.objcpp; name = JuceLibraryCode2.mm; path = ../../Source/JuceLibraryCode/JuceLibraryCode2.mm; sourceTree = "<group>"; };
		36F96CD613BA6320009A69F1 /* JuceLibraryCode3.mm */ = {isa = PBXFileReference; fileEncoding = 4; lastKnownFileType = sourcecode.cpp.objcpp; name = JuceLibraryCode3.mm; path = ../../Source/JuceLibraryCode/JuceLibraryCode3.mm; sourceTree = "<group>"; };
		36F96CD813BA6320009A69F1 /* JuceLibraryCode4.mm */ = {isa = PBXFileReference; fileEncoding = 4; lastKnownFileType = sourcecode.cpp.objcpp; name = JuceLibraryCode4.mm; path = ../../Source/JuceLibraryCode/JuceLibraryCode4.mm; sourceTree = "<group>"; };
		39B98C60B57B831FE5215CDD /* Beat Matching Crossfader.app */ = {isa = PBXFileReference; explicitFileType = wrapper.application; includeInIndex = 0; path = "Beat Matching Crossfader.app"; sourceTree = BUILT_PRODUCTS_DIR; };
		3CE85049C3E91E38E71FF149 /* IOKit.framework */ = {isa = PBXFileReference; lastKnownFileType = wrapper.framework; name = IOKit.framework; path = System/Library/Frameworks/IOKit.framework; sourceTree = SDKROOT; };
		42291DB48BF81754D90FE200 /* MainDemoWindow.cpp */ = {isa = PBXFileReference; lastKnownFileType = sourcecode.cpp.cpp; name = MainDemoWindow.cpp; path = ../../Source/MainDemoWindow.cpp; sourceTree = SOURCE_ROOT; };
		49138F5652E637AA67CD4B70 /* MainDemoWindow.h */ = {isa = PBXFileReference; lastKnownFileType = sourcecode.c.h; name = MainDemoWindow.h; path = ../../Source/MainDemoWindow.h; sourceTree = SOURCE_ROOT; };
		4A96850C150C1C6D87A0D21A /* QuartzCore.framework */ = {isa = PBXFileReference; lastKnownFileType = wrapper.framework; name = QuartzCore.framework; path = System/Library/Frameworks/QuartzCore.framework; sourceTree = SDKROOT; };
		4ADECB09FD213B2E910EA229 /* Icon.icns */ = {isa = PBXFileReference; lastKnownFileType = image.icns; path = Icon.icns; sourceTree = SOURCE_ROOT; };
		4D3E0D18D24F78B6BDE0E5DA /* QTKit.framework */ = {isa = PBXFileReference; lastKnownFileType = wrapper.framework; name = QTKit.framework; path = System/Library/Frameworks/QTKit.framework; sourceTree = SDKROOT; };
		6A7D4DC561F2DD95ABD76F0D /* Carbon.framework */ = {isa = PBXFileReference; lastKnownFileType = wrapper.framework; name = Carbon.framework; path = System/Library/Frameworks/Carbon.framework; sourceTree = SDKROOT; };
		85E860BFDA9D53EF77C08873 /* OpenGL.framework */ = {isa = PBXFileReference; lastKnownFileType = wrapper.framework; name = OpenGL.framework; path = System/Library/Frameworks/OpenGL.framework; sourceTree = SDKROOT; };
		885A20D277AD743C21C822B5 /* ApplicationStartup.cpp */ = {isa = PBXFileReference; lastKnownFileType = sourcecode.cpp.cpp; name = ApplicationStartup.cpp; path = ../../Source/ApplicationStartup.cpp; sourceTree = SOURCE_ROOT; };
		9BE978B2BDA9B7DA3BE403B4 /* WebKit.framework */ = {isa = PBXFileReference; lastKnownFileType = wrapper.framework; name = WebKit.framework; path = System/Library/Frameworks/WebKit.framework; sourceTree = SDKROOT; };
		CB7CDD93EE1469B969AF844E /* DiscRecording.framework */ = {isa = PBXFileReference; lastKnownFileType = wrapper.framework; name = DiscRecording.framework; path = System/Library/Frameworks/DiscRecording.framework; sourceTree = SDKROOT; };
		DA3360514D221A36446DC6DE /* CoreAudio.framework */ = {isa = PBXFileReference; lastKnownFileType = wrapper.framework; name = CoreAudio.framework; path = System/Library/Frameworks/CoreAudio.framework; sourceTree = SDKROOT; };
		E0C3359BB4B5260CEB917D46 /* QuickTime.framework */ = {isa = PBXFileReference; lastKnownFileType = wrapper.framework; name = QuickTime.framework; path = System/Library/Frameworks/QuickTime.framework; sourceTree = SDKROOT; };
/* End PBXFileReference section */

/* Begin PBXFrameworksBuildPhase section */
		2E5F3CCB074AC0B18683A4F3 /* Frameworks */ = {
			isa = PBXFrameworksBuildPhase;
			buildActionMask = 2147483647;
			files = (
				92A7143821252FB13891CC53 /* Cocoa.framework in Frameworks */,
				DEDBEF9AC48F8AD1502B6DC2 /* Carbon.framework in Frameworks */,
				29F75103FFB220F2E10CF9A9 /* IOKit.framework in Frameworks */,
				687BFA1946EAD55C5C39907C /* CoreAudio.framework in Frameworks */,
				ED283D0ABEC2EC312E40C6B4 /* CoreMIDI.framework in Frameworks */,
				0CFE603DE523940AF3352227 /* WebKit.framework in Frameworks */,
				420A9C88B711F5E4997FAAD0 /* DiscRecording.framework in Frameworks */,
				C1437C4A64EB72D2A86729D3 /* OpenGL.framework in Frameworks */,
				F1BAE9DCD179C8784FF28F8D /* QuartzCore.framework in Frameworks */,
				B9911F3AC6CADFB47D1EA8D7 /* QTKit.framework in Frameworks */,
				452052BBDBAF17DCC06EF521 /* QuickTime.framework in Frameworks */,
				36E56CB713773D150087420E /* libmpg123.32.a in Frameworks */,
				36E56CB813773D150087420E /* libmpg123.64.a in Frameworks */,
			);
			runOnlyForDeploymentPostprocessing = 0;
		};
/* End PBXFrameworksBuildPhase section */

/* Begin PBXGroup section */
		019CD423F1EFF7A1A0A079DD /* Resources */ = {
			isa = PBXGroup;
			children = (
				1A9DEA62F6A3CD1FB5CF105B /* Info.plist */,
				4ADECB09FD213B2E910EA229 /* Icon.icns */,
			);
			name = Resources;
			sourceTree = "<group>";
		};
		244B9AF7D858999910FD243E /* Frameworks */ = {
			isa = PBXGroup;
			children = (
				2B37CDCFCBC0AC0AEAA9A479 /* Cocoa.framework */,
				6A7D4DC561F2DD95ABD76F0D /* Carbon.framework */,
				3CE85049C3E91E38E71FF149 /* IOKit.framework */,
				DA3360514D221A36446DC6DE /* CoreAudio.framework */,
				010E9F48D32EA5C5451D8086 /* CoreMIDI.framework */,
				9BE978B2BDA9B7DA3BE403B4 /* WebKit.framework */,
				CB7CDD93EE1469B969AF844E /* DiscRecording.framework */,
				85E860BFDA9D53EF77C08873 /* OpenGL.framework */,
				4A96850C150C1C6D87A0D21A /* QuartzCore.framework */,
				4D3E0D18D24F78B6BDE0E5DA /* QTKit.framework */,
				E0C3359BB4B5260CEB917D46 /* QuickTime.framework */,
			);
			name = Frameworks;
			sourceTree = "<group>";
		};
		36856D8C1379020700710B54 /* jsoncpp */ = {
			isa = PBXGroup;
			children = (
				36BAB32F1382DC3200E87180 /* JsonToJuce.h */,
				3645793C13A6897E00B5A930 /* JsonToJuce.cpp */,
				36856D8D1379021700710B54 /* lib_json */,
			);
			name = jsoncpp;
			sourceTree = "<group>";
		};
		36856D8D1379021700710B54 /* lib_json */ = {
			isa = PBXGroup;
			children = (
				36F96CAC13BA62A8009A69F1 /* json_batchallocator.h */,
				36F96CAD13BA62A8009A69F1 /* json_reader.cpp */,
				36F96CAE13BA62A8009A69F1 /* json_value.cpp */,
				36F96CAF13BA62A8009A69F1 /* json_writer.cpp */,
				36F96CA413BA628F009A69F1 /* autolink.h */,
				36F96CA513BA628F009A69F1 /* config.h */,
				36F96CA613BA628F009A69F1 /* features.h */,
				36F96CA713BA628F009A69F1 /* forwards.h */,
				36F96CA813BA628F009A69F1 /* json.h */,
				36F96CA913BA628F009A69F1 /* reader.h */,
				36F96CAA13BA628F009A69F1 /* value.h */,
				36F96CAB13BA628F009A69F1 /* writer.h */,
			);
			name = lib_json;
			path = "../../../../code/jsoncpp-src-0.5.0/src/lib_json";
			sourceTree = "<group>";
		};
		36B63CDD13771C410009B7E1 /* Livetronica - altered */ = {
			isa = PBXGroup;
			children = (
				36B63D0413771CE00009B7E1 /* audioPlayer.cpp */,
				36B63D0513771CE00009B7E1 /* audioPlayer.h */,
				36B63D0613771CE00009B7E1 /* bpmShifter.cpp */,
				36B63D0713771CE00009B7E1 /* bpmShifter.h */,
			);
			name = "Livetronica - altered";
			sourceTree = "<group>";
		};
		36B63D1013771D1D0009B7E1 /* SoundTouch */ = {
			isa = PBXGroup;
			children = (
				3637D73713A6841B001D6019 /* AAFilter.cpp */,
				3637D73813A6841B001D6019 /* AAFilter.h */,
				3637D73913A6841B001D6019 /* BPMDetect.cpp */,
				3637D73A13A6841B001D6019 /* BPMDetect.h */,
				3637D73B13A6841B001D6019 /* cpu_detect_x86_gcc.cpp */,
				3637D73D13A6841B001D6019 /* cpu_detect.h */,
				3637D73E13A6841B001D6019 /* FIFOSampleBuffer.cpp */,
				3637D73F13A6841B001D6019 /* FIFOSampleBuffer.h */,
				3637D74013A6841B001D6019 /* FIFOSamplePipe.h */,
				3637D74113A6841B001D6019 /* FIRFilter.cpp */,
				3637D74213A6841B001D6019 /* FIRFilter.h */,
				3637D74313A6841B001D6019 /* mmx_optimized.cpp */,
				3637D74413A6841B001D6019 /* PeakFinder.cpp */,
				3637D74513A6841B001D6019 /* PeakFinder.h */,
				3637D74613A6841B001D6019 /* RateTransposer.cpp */,
				3637D74713A6841B001D6019 /* RateTransposer.h */,
				3637D74813A6841B001D6019 /* soundtouch_config.h */,
				3637D74913A6841B001D6019 /* SoundTouch.cpp */,
				3637D74A13A6841B001D6019 /* SoundTouch.h */,
				3637D74B13A6841B001D6019 /* sse_optimized.cpp */,
				3637D74C13A6841B001D6019 /* STTypes.h */,
				3637D74D13A6841B001D6019 /* TDStretch.cpp */,
				3637D74E13A6841B001D6019 /* TDStretch.h */,
			);
			name = SoundTouch;
			sourceTree = "<group>";
		};
		36B63D36137721360009B7E1 /* 3rd party */ = {
			isa = PBXGroup;
			children = (
				36856D8C1379020700710B54 /* jsoncpp */,
				36E56C9C13773CEA0087420E /* mpg123 */,
				36B63D1013771D1D0009B7E1 /* SoundTouch */,
			);
			name = "3rd party";
			sourceTree = "<group>";
		};
		36E56C9C13773CEA0087420E /* mpg123 */ = {
			isa = PBXGroup;
			children = (
				36E56CA313773D150087420E /* libmpg123.32.a */,
				36E56CA413773D150087420E /* libmpg123.64.a */,
				36F96CB313BA62E2009A69F1 /* Copier_test.cpp */,
				36F96CB413BA62E2009A69F1 /* Copier.cpp */,
				36F96CB513BA62E2009A69F1 /* Copier.h */,
				36F96CB613BA62E2009A69F1 /* CreateReader_test.cpp */,
				36F96CB713BA62E2009A69F1 /* CreateReader.cpp */,
				36F96CB813BA62E2009A69F1 /* CreateReader.h */,
				36F96CB913BA62E2009A69F1 /* Format.h */,
				36F96CBA13BA62E2009A69F1 /* Manager.h */,
				36F96CBB13BA62E2009A69F1 /* Mpg123.cpp */,
				36F96CBC13BA62E2009A69F1 /* Mpg123.h */,
				36F96CBD13BA62E2009A69F1 /* NewHandle.cpp */,
				36F96CBE13BA62E2009A69F1 /* NewHandle.h */,
				36F96CBF13BA62E2009A69F1 /* Reader_main.cpp */,
				36F96CC013BA62E2009A69F1 /* Reader_test.cpp */,
				36F96CC113BA62E2009A69F1 /* Reader.cpp */,
				36F96CC213BA62E2009A69F1 /* Reader.h */,
				36F96CC313BA62E2009A69F1 /* Tags.cpp */,
				36F96CC413BA62E2009A69F1 /* Tags.h */,
			);
			name = mpg123;
			sourceTree = "<group>";
		};
		3F406773369804D0FBF2789A /* Products */ = {
			isa = PBXGroup;
			children = (
				39B98C60B57B831FE5215CDD /* Beat Matching Crossfader.app */,
			);
			name = Products;
			sourceTree = "<group>";
		};
		4C2E644EAC72C263D09C74BB /* Juce Library Code */ = {
			isa = PBXGroup;
			children = (
				36F96CCF13BA6320009A69F1 /* AppConfig.h */,
				36F96CD013BA6320009A69F1 /* JuceHeader.h */,
				36F96CD213BA6320009A69F1 /* JuceLibraryCode1.mm */,
				36F96CD413BA6320009A69F1 /* JuceLibraryCode2.mm */,
				36F96CD613BA6320009A69F1 /* JuceLibraryCode3.mm */,
				36F96CD813BA6320009A69F1 /* JuceLibraryCode4.mm */,
			);
			name = "Juce Library Code";
			sourceTree = "<group>";
		};
		A10CCE1B2A215D5AE12386E3 /* Source */ = {
			isa = PBXGroup;
			children = (
				36B63CDD13771C410009B7E1 /* Livetronica - altered */,
				885A20D277AD743C21C822B5 /* ApplicationStartup.cpp */,
				42291DB48BF81754D90FE200 /* MainDemoWindow.cpp */,
				49138F5652E637AA67CD4B70 /* MainDemoWindow.h */,
				36B63D331377203D0009B7E1 /* MainAudioProcessor.cpp */,
				36B63D341377203D0009B7E1 /* MainAudioProcessor.h */,
			);
			name = Source;
			sourceTree = "<group>";
		};
		D6A4B94A747BFCF299B17932 /* Source */ = {
			isa = PBXGroup;
			children = (
				36B63D36137721360009B7E1 /* 3rd party */,
				A10CCE1B2A215D5AE12386E3 /* Source */,
				4C2E644EAC72C263D09C74BB /* Juce Library Code */,
				019CD423F1EFF7A1A0A079DD /* Resources */,
				244B9AF7D858999910FD243E /* Frameworks */,
				3F406773369804D0FBF2789A /* Products */,
			);
			name = Source;
			sourceTree = "<group>";
		};
/* End PBXGroup section */

/* Begin PBXNativeTarget section */
		F26B86DEACDEE5DFB60E10B1 /* Juce Demo */ = {
			isa = PBXNativeTarget;
			buildConfigurationList = C264FE1BF62B589B345E0C81 /* Build configuration list for PBXNativeTarget "Juce Demo" */;
			buildPhases = (
				AE930F136F638C3C939F7146 /* Resources */,
				7A3A0C722E5F96990CA1B5F2 /* Sources */,
				2E5F3CCB074AC0B18683A4F3 /* Frameworks */,
			);
			buildRules = (
			);
			dependencies = (
			);
			name = "Juce Demo";
			productInstallPath = "$(HOME)/Applications";
			productName = "Juce Demo";
			productReference = 39B98C60B57B831FE5215CDD /* Beat Matching Crossfader.app */;
			productType = "com.apple.product-type.application";
		};
/* End PBXNativeTarget section */

/* Begin PBXProject section */
		FD051827ADE403C022034508 /* Project object */ = {
			isa = PBXProject;
			buildConfigurationList = 2B22E1D006C8AF43954EE79D /* Build configuration list for PBXProject "Beat Matching Crossfader" */;
			compatibilityVersion = "Xcode 3.1";
			developmentRegion = English;
			hasScannedForEncodings = 0;
			knownRegions = (
				en,
			);
			mainGroup = D6A4B94A747BFCF299B17932 /* Source */;
			projectDirPath = "";
			projectRoot = "";
			targets = (
				F26B86DEACDEE5DFB60E10B1 /* Juce Demo */,
			);
		};
/* End PBXProject section */

/* Begin PBXResourcesBuildPhase section */
		AE930F136F638C3C939F7146 /* Resources */ = {
			isa = PBXResourcesBuildPhase;
			buildActionMask = 2147483647;
			files = (
				C0A3C433D146C7E1FFCADFB2 /* Icon.icns in Resources */,
			);
			runOnlyForDeploymentPostprocessing = 0;
		};
/* End PBXResourcesBuildPhase section */

/* Begin PBXSourcesBuildPhase section */
		7A3A0C722E5F96990CA1B5F2 /* Sources */ = {
			isa = PBXSourcesBuildPhase;
			buildActionMask = 2147483647;
			files = (
				78A66C2F9A9E2E6D011D8E5E /* ApplicationStartup.cpp in Sources */,
				CE5C46E66485B7D77B5ADB4E /* MainDemoWindow.cpp in Sources */,
				36B63D0813771CE00009B7E1 /* audioPlayer.cpp in Sources */,
				36B63D0913771CE00009B7E1 /* bpmShifter.cpp in Sources */,
				36B63D351377203D0009B7E1 /* MainAudioProcessor.cpp in Sources */,
				3637D75013A6841B001D6019 /* AAFilter.cpp in Sources */,
				3637D75113A6841B001D6019 /* BPMDetect.cpp in Sources */,
				3637D75213A6841B001D6019 /* cpu_detect_x86_gcc.cpp in Sources */,
				3637D75413A6841B001D6019 /* FIFOSampleBuffer.cpp in Sources */,
				3637D75513A6841B001D6019 /* FIRFilter.cpp in Sources */,
				3637D75613A6841B001D6019 /* mmx_optimized.cpp in Sources */,
				3637D75713A6841B001D6019 /* PeakFinder.cpp in Sources */,
				3637D75813A6841B001D6019 /* RateTransposer.cpp in Sources */,
				3637D75913A6841B001D6019 /* SoundTouch.cpp in Sources */,
				3637D75A13A6841B001D6019 /* sse_optimized.cpp in Sources */,
				3637D75B13A6841B001D6019 /* TDStretch.cpp in Sources */,
				3645793D13A6897E00B5A930 /* JsonToJuce.cpp in Sources */,
				36F96CB013BA62A8009A69F1 /* json_reader.cpp in Sources */,
				36F96CB113BA62A8009A69F1 /* json_value.cpp in Sources */,
				36F96CB213BA62A8009A69F1 /* json_writer.cpp in Sources */,
				36F96CC513BA62E2009A69F1 /* Copier_test.cpp in Sources */,
				36F96CC613BA62E2009A69F1 /* Copier.cpp in Sources */,
				36F96CC713BA62E2009A69F1 /* CreateReader_test.cpp in Sources */,
				36F96CC813BA62E2009A69F1 /* CreateReader.cpp in Sources */,
				36F96CC913BA62E2009A69F1 /* Mpg123.cpp in Sources */,
				36F96CCA13BA62E2009A69F1 /* NewHandle.cpp in Sources */,
				36F96CCB13BA62E2009A69F1 /* Reader_main.cpp in Sources */,
				36F96CCC13BA62E2009A69F1 /* Reader_test.cpp in Sources */,
				36F96CCD13BA62E2009A69F1 /* Reader.cpp in Sources */,
				36F96CCE13BA62E2009A69F1 /* Tags.cpp in Sources */,
				36F96CDA13BA6320009A69F1 /* JuceLibraryCode1.mm in Sources */,
				36F96CDC13BA6320009A69F1 /* JuceLibraryCode2.mm in Sources */,
				36F96CDE13BA6320009A69F1 /* JuceLibraryCode3.mm in Sources */,
				36F96CE013BA6320009A69F1 /* JuceLibraryCode4.mm in Sources */,
			);
			runOnlyForDeploymentPostprocessing = 0;
		};
/* End PBXSourcesBuildPhase section */

/* Begin XCBuildConfiguration section */
		623F392572A48BDD48CE1CC4 /* Release */ = {
			isa = XCBuildConfiguration;
			buildSettings = {
				ALWAYS_SEARCH_USER_PATHS = NO;
				ARCHS = "$(ARCHS_STANDARD_64_BIT)";
				DEBUG_INFORMATION_FORMAT = dwarf;
				GCC_C_LANGUAGE_STANDARD = c99;
				GCC_INLINES_ARE_PRIVATE_EXTERN = YES;
				GCC_MODEL_TUNING = G5;
				GCC_WARN_ABOUT_RETURN_TYPE = YES;
				GCC_WARN_CHECK_SWITCH_STATEMENTS = YES;
				GCC_WARN_MISSING_PARENTHESES = YES;
				GCC_WARN_NON_VIRTUAL_DESTRUCTOR = YES;
				GCC_WARN_TYPECHECK_CALLS_TO_PRINTF = YES;
				GCC_WARN_UNUSED_VARIABLE = YES;
				HEADER_SEARCH_PATHS = (
					"/Users/aaronleese/Desktop/Livetronica\\ Studio/common/AudioFormats/juce_mpg123_format/src",
					/Users/aaronleese/Desktop/code/juce,
					"/Users/aaronleese/Desktop/Livetronica\\ Studio/common/AudioFormats/mpg123_src/src/",
					"/Users/aaronleese/Desktop/code/boost-trunk",
				);
				PRODUCT_NAME = "Beat Matching Crossfader";
				VALID_ARCHS = x86_64;
				WARNING_CFLAGS = "-Wreorder";
				ZERO_LINK = NO;
			};
			name = Release;
		};
		7FA986B99AFC795723E00AB0 /* Debug */ = {
			isa = XCBuildConfiguration;
			buildSettings = {
				ALWAYS_SEARCH_USER_PATHS = NO;
				ARCHS = "$(ARCHS_STANDARD_64_BIT)";
				DEBUG_INFORMATION_FORMAT = dwarf;
				GCC_C_LANGUAGE_STANDARD = c99;
				GCC_INLINES_ARE_PRIVATE_EXTERN = YES;
				GCC_MODEL_TUNING = G5;
				GCC_WARN_ABOUT_RETURN_TYPE = YES;
				GCC_WARN_CHECK_SWITCH_STATEMENTS = YES;
				GCC_WARN_MISSING_PARENTHESES = YES;
				GCC_WARN_NON_VIRTUAL_DESTRUCTOR = YES;
				GCC_WARN_TYPECHECK_CALLS_TO_PRINTF = YES;
				GCC_WARN_UNUSED_VARIABLE = YES;
				HEADER_SEARCH_PATHS = (
					"/Users/aaronleese/Desktop/Livetronica\\ Studio/common/AudioFormats/juce_mpg123_format/src",
					/Users/aaronleese/Desktop/code/juce,
					"/Users/aaronleese/Desktop/Livetronica\\ Studio/common/AudioFormats/mpg123_src/src/",
					"/Users/aaronleese/Desktop/code/boost-trunk",
				);
				PRODUCT_NAME = "Beat Matching Crossfader";
				VALID_ARCHS = x86_64;
				WARNING_CFLAGS = "-Wreorder";
				ZERO_LINK = NO;
			};
			name = Debug;
		};
		8EF7C7FFD55219581A5075F3 /* Release */ = {
			isa = XCBuildConfiguration;
			buildSettings = {
				ARCHS = "$(ARCHS_STANDARD_64_BIT)";
				GCC_GENERATE_DEBUGGING_SYMBOLS = NO;
				GCC_OPTIMIZATION_LEVEL = s;
				GCC_PREPROCESSOR_DEFINITIONS = (
					"_NDEBUG=1",
					"NDEBUG=1",
					"JUCE_ObjCExtraSuffix=JSLvvV6j",
					"JUCE_UNIT_TESTS=1",
					"JUCER_XCODE_MAC_F6D2F4CF=1",
				);
				GCC_SYMBOLS_PRIVATE_EXTERN = YES;
				HEADER_SEARCH_PATHS = "$(inherited)";
				INFOPLIST_FILE = Info.plist;
				INSTALL_PATH = "$(HOME)/Applications";
				LIBRARY_SEARCH_PATHS = (
					"$(inherited)",
					"\"$(SRCROOT)/../../../../code/ENMFP\"",
					"\"$(SRCROOT)/../../../../Livetronica Studio/libs\"",
					"\"$(SRCROOT)/../../../../echoprint-codegen\"",
					"\"$(SRCROOT)/../../../../code/echoprint-codegen\"",
				);
				MACOSX_DEPLOYMENT_TARGET = 10.4;
				MACOSX_DEPLOYMENT_TARGET_ppc = 10.4;
				PREBINDING = NO;
			};
			name = Release;
		};
		F46B3E8DBAFA746E04F4F62C /* Debug */ = {
			isa = XCBuildConfiguration;
			buildSettings = {
				COPY_PHASE_STRIP = NO;
				GCC_DYNAMIC_NO_PIC = NO;
				GCC_ENABLE_FIX_AND_CONTINUE = NO;
				GCC_OPTIMIZATION_LEVEL = 0;
				GCC_PREPROCESSOR_DEFINITIONS = (
					"_DEBUG=1",
					"DEBUG=1",
					"JUCE_ObjCExtraSuffix=JSLvvV6j",
					"JUCE_UNIT_TESTS=1",
					"JUCER_XCODE_MAC_F6D2F4CF=1",
				);
				HEADER_SEARCH_PATHS = "$(inherited)";
				INFOPLIST_FILE = Info.plist;
				INSTALL_PATH = "$(HOME)/Applications";
				LIBRARY_SEARCH_PATHS = (
					"$(inherited)",
					"\"$(SRCROOT)/../../../../code/ENMFP\"",
					"\"$(SRCROOT)/../../../../Livetronica Studio/libs\"",
					"\"$(SRCROOT)/../../../../echoprint-codegen\"",
					"\"$(SRCROOT)/../../../../code/echoprint-codegen\"",
				);
				MACOSX_DEPLOYMENT_TARGET_ppc = 10.4;
				ONLY_ACTIVE_ARCH = YES;
				PREBINDING = NO;
			};
			name = Debug;
		};
/* End XCBuildConfiguration section */

/* Begin XCConfigurationList section */
		2B22E1D006C8AF43954EE79D /* Build configuration list for PBXProject "Beat Matching Crossfader" */ = {
			isa = XCConfigurationList;
			buildConfigurations = (
				7FA986B99AFC795723E00AB0 /* Debug */,
				623F392572A48BDD48CE1CC4 /* Release */,
			);
			defaultConfigurationIsVisible = 0;
			defaultConfigurationName = Debug;
		};
		C264FE1BF62B589B345E0C81 /* Build configuration list for PBXNativeTarget "Juce Demo" */ = {
			isa = XCConfigurationList;
			buildConfigurations = (
				F46B3E8DBAFA746E04F4F62C /* Debug */,
				8EF7C7FFD55219581A5075F3 /* Release */,
			);
			defaultConfigurationIsVisible = 0;
			defaultConfigurationName = Debug;
		};
/* End XCConfigurationList section */
	};
	rootObject = FD051827ADE403C022034508 /* Project object */;
}
